// !$*UTF8*$!
{
	archiveVersion = 1;
	classes = {
	};
	objectVersion = 51;
	objects = {

/* Begin PBXBuildFile section */
		79FAD3914DD6BD3F19E9864C /* Pods_Hoxy.framework in Frameworks */ = {isa = PBXBuildFile; fileRef = F984CD5AE290D05D2906238D /* Pods_Hoxy.framework */; };
		E082A933265647F800A56805 /* JoinDataManager.swift in Sources */ = {isa = PBXBuildFile; fileRef = E082A932265647F800A56805 /* JoinDataManager.swift */; };
		E0ED10D626492EE800661094 /* EmailLoginViewModel.swift in Sources */ = {isa = PBXBuildFile; fileRef = E0ED10D526492EE800661094 /* EmailLoginViewModel.swift */; };
		E0ED10D826492F0C00661094 /* Observable.swift in Sources */ = {isa = PBXBuildFile; fileRef = E0ED10D726492F0C00661094 /* Observable.swift */; };
		E0ED10DA264B5D9E00661094 /* PostModel.swift in Sources */ = {isa = PBXBuildFile; fileRef = E0ED10D9264B5D9E00661094 /* PostModel.swift */; };
		E0ED10DC264B63A800661094 /* JoinModel.swift in Sources */ = {isa = PBXBuildFile; fileRef = E0ED10DB264B63A800661094 /* JoinModel.swift */; };
		E0ED10E3264CFCE600661094 /* JoinViewModel.swift in Sources */ = {isa = PBXBuildFile; fileRef = E0ED10E2264CFCE600661094 /* JoinViewModel.swift */; };
		EB05FFC725DED9CD00A587BE /* ChatRoomProfileVC.swift in Sources */ = {isa = PBXBuildFile; fileRef = EB05FFC625DED9CD00A587BE /* ChatRoomProfileVC.swift */; };
		EB05FFCB25E3762900A587BE /* ChatRoomMenuVC.swift in Sources */ = {isa = PBXBuildFile; fileRef = EB05FFCA25E3762900A587BE /* ChatRoomMenuVC.swift */; };
		EB05FFD325E3943C00A587BE /* ChatMemberTableViewCell.swift in Sources */ = {isa = PBXBuildFile; fileRef = EB05FFD125E3943C00A587BE /* ChatMemberTableViewCell.swift */; };
		EB05FFD425E3943C00A587BE /* ChatMemberTableViewCell.xib in Resources */ = {isa = PBXBuildFile; fileRef = EB05FFD225E3943C00A587BE /* ChatMemberTableViewCell.xib */; };
		EB11F0CD25C5367100EC9F6F /* UIView.swift in Sources */ = {isa = PBXBuildFile; fileRef = EB11F0CC25C5367100EC9F6F /* UIView.swift */; };
		EB11F0D125C54E9B00EC9F6F /* IndicatorView.swift in Sources */ = {isa = PBXBuildFile; fileRef = EB11F0D025C54E9B00EC9F6F /* IndicatorView.swift */; };
		EB11F0D625C55EB200EC9F6F /* EmailLoginVC.swift in Sources */ = {isa = PBXBuildFile; fileRef = EB11F0D525C55EB200EC9F6F /* EmailLoginVC.swift */; };
		EB128D6025CFA55D004C0A66 /* LocationService.swift in Sources */ = {isa = PBXBuildFile; fileRef = EB128D5F25CFA55D004C0A66 /* LocationService.swift */; };
		EB128D6325CFA6BD004C0A66 /* LocationVC.swift in Sources */ = {isa = PBXBuildFile; fileRef = EB128D6225CFA6BD004C0A66 /* LocationVC.swift */; };
		EB25DC8825B9C1E5006F4008 /* AppDelegate.swift in Sources */ = {isa = PBXBuildFile; fileRef = EB25DC8725B9C1E5006F4008 /* AppDelegate.swift */; };
		EB25DC8A25B9C1E5006F4008 /* SceneDelegate.swift in Sources */ = {isa = PBXBuildFile; fileRef = EB25DC8925B9C1E5006F4008 /* SceneDelegate.swift */; };
		EB25DC8C25B9C1E5006F4008 /* ViewController.swift in Sources */ = {isa = PBXBuildFile; fileRef = EB25DC8B25B9C1E5006F4008 /* ViewController.swift */; };
		EB25DC8F25B9C1E5006F4008 /* Main.storyboard in Resources */ = {isa = PBXBuildFile; fileRef = EB25DC8D25B9C1E5006F4008 /* Main.storyboard */; };
		EB25DC9125B9C1E6006F4008 /* Assets.xcassets in Resources */ = {isa = PBXBuildFile; fileRef = EB25DC9025B9C1E6006F4008 /* Assets.xcassets */; };
		EB25DC9425B9C1E6006F4008 /* LaunchScreen.storyboard in Resources */ = {isa = PBXBuildFile; fileRef = EB25DC9225B9C1E6006F4008 /* LaunchScreen.storyboard */; };
		EB2968EC25D962D600DAE55B /* ChatRoomVC.swift in Sources */ = {isa = PBXBuildFile; fileRef = EB2968EB25D962D600DAE55B /* ChatRoomVC.swift */; };
		EB2968FB25D9790400DAE55B /* ChatListTableViewCell.swift in Sources */ = {isa = PBXBuildFile; fileRef = EB2968F925D9790400DAE55B /* ChatListTableViewCell.swift */; };
		EB2968FC25D9790400DAE55B /* ChatListTableViewCell.xib in Resources */ = {isa = PBXBuildFile; fileRef = EB2968FA25D9790400DAE55B /* ChatListTableViewCell.xib */; };
		EB2968FF25D98DEB00DAE55B /* ChatDataManager.swift in Sources */ = {isa = PBXBuildFile; fileRef = EB2968FE25D98DEB00DAE55B /* ChatDataManager.swift */; };
		EB29690225D991D400DAE55B /* ChatListModel.swift in Sources */ = {isa = PBXBuildFile; fileRef = EB29690125D991D400DAE55B /* ChatListModel.swift */; };
		EB29691A25DCC16400DAE55B /* ChattingModel.swift in Sources */ = {isa = PBXBuildFile; fileRef = EB29691925DCC16400DAE55B /* ChattingModel.swift */; };
		EB29691E25DCD9FD00DAE55B /* ChatMessageCell.swift in Sources */ = {isa = PBXBuildFile; fileRef = EB29691C25DCD9FD00DAE55B /* ChatMessageCell.swift */; };
		EB29691F25DCD9FD00DAE55B /* ChatMessageCell.xib in Resources */ = {isa = PBXBuildFile; fileRef = EB29691D25DCD9FD00DAE55B /* ChatMessageCell.xib */; };
		EB38A71125BD5DEE00516515 /* UIButton.swift in Sources */ = {isa = PBXBuildFile; fileRef = EB38A71025BD5DEE00516515 /* UIButton.swift */; };
		EB38A71425BD707100516515 /* JoinVC.swift in Sources */ = {isa = PBXBuildFile; fileRef = EB38A71325BD707100516515 /* JoinVC.swift */; };
		EB38A71A25BD760500516515 /* TopView.swift in Sources */ = {isa = PBXBuildFile; fileRef = EB38A71925BD760500516515 /* TopView.swift */; };
		EB38A71D25BD89ED00516515 /* JoinInputItem.swift in Sources */ = {isa = PBXBuildFile; fileRef = EB38A71C25BD89ED00516515 /* JoinInputItem.swift */; };
		EB38A72025BDA01600516515 /* BottomButton.swift in Sources */ = {isa = PBXBuildFile; fileRef = EB38A71F25BDA01600516515 /* BottomButton.swift */; };
		EB38A72325BE62C200516515 /* UITextField.swift in Sources */ = {isa = PBXBuildFile; fileRef = EB38A72225BE62C200516515 /* UITextField.swift */; };
		EB38A72925BE72F800516515 /* PersonalSettingVC.swift in Sources */ = {isa = PBXBuildFile; fileRef = EB38A72825BE72F800516515 /* PersonalSettingVC.swift */; };
		EB38A72C25BE745A00516515 /* Contants.swift in Sources */ = {isa = PBXBuildFile; fileRef = EB38A72B25BE745A00516515 /* Contants.swift */; };
		EB38A74725BF0A9900516515 /* GradeButton.swift in Sources */ = {isa = PBXBuildFile; fileRef = EB38A74625BF0A9900516515 /* GradeButton.swift */; };
		EB38A75125C07E1900516515 /* String.swift in Sources */ = {isa = PBXBuildFile; fileRef = EB38A75025C07E1900516515 /* String.swift */; };
		EB38A76F25C12AB500516515 /* HomeTableViewCell.swift in Sources */ = {isa = PBXBuildFile; fileRef = EB38A76D25C12AB500516515 /* HomeTableViewCell.swift */; };
		EB38A77025C12AB500516515 /* HomeTableViewCell.xib in Resources */ = {isa = PBXBuildFile; fileRef = EB38A76E25C12AB500516515 /* HomeTableViewCell.xib */; };
		EB43F79425D1BA3700AFED54 /* PostViewModel.swift in Sources */ = {isa = PBXBuildFile; fileRef = EB43F79325D1BA3700AFED54 /* PostViewModel.swift */; };
		EB5D8E5825C70FB7003D957C /* LoginButton.swift in Sources */ = {isa = PBXBuildFile; fileRef = EB5D8E5725C70FB7003D957C /* LoginButton.swift */; };
		EB5D8E5C25C7168C003D957C /* WriteVC.swift in Sources */ = {isa = PBXBuildFile; fileRef = EB5D8E5B25C7168C003D957C /* WriteVC.swift */; };
		EB5D8E6025C7172D003D957C /* WriteOptionItem.swift in Sources */ = {isa = PBXBuildFile; fileRef = EB5D8E5F25C7172D003D957C /* WriteOptionItem.swift */; };
		EB5D8E6B25C7D3E5003D957C /* PostDataManager.swift in Sources */ = {isa = PBXBuildFile; fileRef = EB5D8E6A25C7D3E5003D957C /* PostDataManager.swift */; };
		EB5D8E7225C7D629003D957C /* PostDataModel.swift in Sources */ = {isa = PBXBuildFile; fileRef = EB5D8E7125C7D629003D957C /* PostDataModel.swift */; };
		EB5D8E7525C7E1BF003D957C /* Date.swift in Sources */ = {isa = PBXBuildFile; fileRef = EB5D8E7425C7E1BF003D957C /* Date.swift */; };
		EB5D8E7825C7E999003D957C /* NSMutableAttrubutedString.swift in Sources */ = {isa = PBXBuildFile; fileRef = EB5D8E7725C7E999003D957C /* NSMutableAttrubutedString.swift */; };
		EB5D8E7E25CA645A003D957C /* PostVC.swift in Sources */ = {isa = PBXBuildFile; fileRef = EB5D8E7D25CA645A003D957C /* PostVC.swift */; };
		EB5D8E8625CB15B6003D957C /* UserDataManager.swift in Sources */ = {isa = PBXBuildFile; fileRef = EB5D8E8525CB15B6003D957C /* UserDataManager.swift */; };
		EB5D8E8925CB183B003D957C /* MemberModel.swift in Sources */ = {isa = PBXBuildFile; fileRef = EB5D8E8825CB183B003D957C /* MemberModel.swift */; };
		EB78A36525E40CE500E4C538 /* ChatMemberView.swift in Sources */ = {isa = PBXBuildFile; fileRef = EB78A36425E40CE500E4C538 /* ChatMemberView.swift */; };
		EB78A36925E55D0200E4C538 /* ChatMenuItem.swift in Sources */ = {isa = PBXBuildFile; fileRef = EB78A36825E55D0200E4C538 /* ChatMenuItem.swift */; };
		EB78A37125E755EC00E4C538 /* UITableView.swift in Sources */ = {isa = PBXBuildFile; fileRef = EB78A37025E755EC00E4C538 /* UITableView.swift */; };
		EB78A37425E75DBF00E4C538 /* ProfileBackTop.swift in Sources */ = {isa = PBXBuildFile; fileRef = EB78A37325E75DBF00E4C538 /* ProfileBackTop.swift */; };
		EB78A37925E7E9EF00E4C538 /* MyMessageTableViewCell.swift in Sources */ = {isa = PBXBuildFile; fileRef = EB78A37725E7E9EF00E4C538 /* MyMessageTableViewCell.swift */; };
		EB78A37A25E7E9EF00E4C538 /* MyMessageTableViewCell.xib in Resources */ = {isa = PBXBuildFile; fileRef = EB78A37825E7E9EF00E4C538 /* MyMessageTableViewCell.xib */; };
		EB78A37D25E88C8700E4C538 /* ProfileBackBottom.swift in Sources */ = {isa = PBXBuildFile; fileRef = EB78A37C25E88C8700E4C538 /* ProfileBackBottom.swift */; };
		EB78A38025E8AE2C00E4C538 /* ReportModel.swift in Sources */ = {isa = PBXBuildFile; fileRef = EB78A37F25E8AE2C00E4C538 /* ReportModel.swift */; };
		EB78A38325EAB2AC00E4C538 /* BlockModel.swift in Sources */ = {isa = PBXBuildFile; fileRef = EB78A38225EAB2AC00E4C538 /* BlockModel.swift */; };
		EB87AB7F25BC11EF00DF3BBB /* UnKnownVC.swift in Sources */ = {isa = PBXBuildFile; fileRef = EB87AB7D25BC11EF00DF3BBB /* UnKnownVC.swift */; };
		EB87AB8425BC1A7A00DF3BBB /* MainLoginVC.swift in Sources */ = {isa = PBXBuildFile; fileRef = EB87AB8325BC1A7A00DF3BBB /* MainLoginVC.swift */; };
		EB87AB8725BC1B0A00DF3BBB /* UIFont.swift in Sources */ = {isa = PBXBuildFile; fileRef = EB87AB8625BC1B0A00DF3BBB /* UIFont.swift */; };
		EB87AB8A25BC728500DF3BBB /* Device.swift in Sources */ = {isa = PBXBuildFile; fileRef = EB87AB8925BC728500DF3BBB /* Device.swift */; };
		EBC658A825C1AA2400CF9AA5 /* LoginModel.swift in Sources */ = {isa = PBXBuildFile; fileRef = EBC658A725C1AA2400CF9AA5 /* LoginModel.swift */; };
		EBD9F3F625C3C5BF004E18F1 /* BaseViewController.swift in Sources */ = {isa = PBXBuildFile; fileRef = EBD9F3F525C3C5BF004E18F1 /* BaseViewController.swift */; };
		EBD9F3F925C3C61F004E18F1 /* UIViewController.swift in Sources */ = {isa = PBXBuildFile; fileRef = EBD9F3F825C3C61F004E18F1 /* UIViewController.swift */; };
		EBDA504B25BB325A00C6A122 /* GoogleService-Info.plist in Resources */ = {isa = PBXBuildFile; fileRef = EBDA504A25BB325A00C6A122 /* GoogleService-Info.plist */; };
		EBDA504E25BB37C300C6A122 /* TabBarController.swift in Sources */ = {isa = PBXBuildFile; fileRef = EBDA504D25BB37C300C6A122 /* TabBarController.swift */; };
		EBDA506A25BC03BC00C6A122 /* HomeVC.swift in Sources */ = {isa = PBXBuildFile; fileRef = EBDA506825BC03BB00C6A122 /* HomeVC.swift */; };
		EBDA506F25BC03CA00C6A122 /* ChatListVC.swift in Sources */ = {isa = PBXBuildFile; fileRef = EBDA506D25BC03CA00C6A122 /* ChatListVC.swift */; };
		EBDA507425BC03DC00C6A122 /* MyPageVC.swift in Sources */ = {isa = PBXBuildFile; fileRef = EBDA507225BC03DC00C6A122 /* MyPageVC.swift */; };
		EBDA507A25BC054100C6A122 /* UIColor.swift in Sources */ = {isa = PBXBuildFile; fileRef = EBDA507925BC054100C6A122 /* UIColor.swift */; };
/* End PBXBuildFile section */

/* Begin PBXFileReference section */
		A74370B774BB4905B3B6108B /* Pods-Hoxy.release.xcconfig */ = {isa = PBXFileReference; includeInIndex = 1; lastKnownFileType = text.xcconfig; name = "Pods-Hoxy.release.xcconfig"; path = "Target Support Files/Pods-Hoxy/Pods-Hoxy.release.xcconfig"; sourceTree = "<group>"; };
		CCEA5CB1BB645FCD82AB47CB /* Pods-Hoxy.debug.xcconfig */ = {isa = PBXFileReference; includeInIndex = 1; lastKnownFileType = text.xcconfig; name = "Pods-Hoxy.debug.xcconfig"; path = "Target Support Files/Pods-Hoxy/Pods-Hoxy.debug.xcconfig"; sourceTree = "<group>"; };
		E082A932265647F800A56805 /* JoinDataManager.swift */ = {isa = PBXFileReference; lastKnownFileType = sourcecode.swift; path = JoinDataManager.swift; sourceTree = "<group>"; };
		E0ED10D526492EE800661094 /* EmailLoginViewModel.swift */ = {isa = PBXFileReference; lastKnownFileType = sourcecode.swift; path = EmailLoginViewModel.swift; sourceTree = "<group>"; };
		E0ED10D726492F0C00661094 /* Observable.swift */ = {isa = PBXFileReference; lastKnownFileType = sourcecode.swift; path = Observable.swift; sourceTree = "<group>"; };
		E0ED10D9264B5D9E00661094 /* PostModel.swift */ = {isa = PBXFileReference; lastKnownFileType = sourcecode.swift; path = PostModel.swift; sourceTree = "<group>"; };
		E0ED10DB264B63A800661094 /* JoinModel.swift */ = {isa = PBXFileReference; lastKnownFileType = sourcecode.swift; path = JoinModel.swift; sourceTree = "<group>"; };
		E0ED10E2264CFCE600661094 /* JoinViewModel.swift */ = {isa = PBXFileReference; lastKnownFileType = sourcecode.swift; path = JoinViewModel.swift; sourceTree = "<group>"; };
		EB05FFC625DED9CD00A587BE /* ChatRoomProfileVC.swift */ = {isa = PBXFileReference; lastKnownFileType = sourcecode.swift; path = ChatRoomProfileVC.swift; sourceTree = "<group>"; };
		EB05FFCA25E3762900A587BE /* ChatRoomMenuVC.swift */ = {isa = PBXFileReference; lastKnownFileType = sourcecode.swift; path = ChatRoomMenuVC.swift; sourceTree = "<group>"; };
		EB05FFD125E3943C00A587BE /* ChatMemberTableViewCell.swift */ = {isa = PBXFileReference; lastKnownFileType = sourcecode.swift; path = ChatMemberTableViewCell.swift; sourceTree = "<group>"; };
		EB05FFD225E3943C00A587BE /* ChatMemberTableViewCell.xib */ = {isa = PBXFileReference; lastKnownFileType = file.xib; path = ChatMemberTableViewCell.xib; sourceTree = "<group>"; };
		EB11F0CC25C5367100EC9F6F /* UIView.swift */ = {isa = PBXFileReference; lastKnownFileType = sourcecode.swift; path = UIView.swift; sourceTree = "<group>"; };
		EB11F0D025C54E9B00EC9F6F /* IndicatorView.swift */ = {isa = PBXFileReference; lastKnownFileType = sourcecode.swift; path = IndicatorView.swift; sourceTree = "<group>"; };
		EB11F0D525C55EB200EC9F6F /* EmailLoginVC.swift */ = {isa = PBXFileReference; lastKnownFileType = sourcecode.swift; path = EmailLoginVC.swift; sourceTree = "<group>"; };
		EB128D5F25CFA55D004C0A66 /* LocationService.swift */ = {isa = PBXFileReference; lastKnownFileType = sourcecode.swift; path = LocationService.swift; sourceTree = "<group>"; };
		EB128D6225CFA6BD004C0A66 /* LocationVC.swift */ = {isa = PBXFileReference; lastKnownFileType = sourcecode.swift; path = LocationVC.swift; sourceTree = "<group>"; };
		EB25DC8425B9C1E5006F4008 /* Hoxy.app */ = {isa = PBXFileReference; explicitFileType = wrapper.application; includeInIndex = 0; path = Hoxy.app; sourceTree = BUILT_PRODUCTS_DIR; };
		EB25DC8725B9C1E5006F4008 /* AppDelegate.swift */ = {isa = PBXFileReference; lastKnownFileType = sourcecode.swift; path = AppDelegate.swift; sourceTree = "<group>"; };
		EB25DC8925B9C1E5006F4008 /* SceneDelegate.swift */ = {isa = PBXFileReference; lastKnownFileType = sourcecode.swift; path = SceneDelegate.swift; sourceTree = "<group>"; };
		EB25DC8B25B9C1E5006F4008 /* ViewController.swift */ = {isa = PBXFileReference; lastKnownFileType = sourcecode.swift; path = ViewController.swift; sourceTree = "<group>"; };
		EB25DC8E25B9C1E5006F4008 /* Base */ = {isa = PBXFileReference; lastKnownFileType = file.storyboard; name = Base; path = Base.lproj/Main.storyboard; sourceTree = "<group>"; };
		EB25DC9025B9C1E6006F4008 /* Assets.xcassets */ = {isa = PBXFileReference; lastKnownFileType = folder.assetcatalog; path = Assets.xcassets; sourceTree = "<group>"; };
		EB25DC9325B9C1E6006F4008 /* Base */ = {isa = PBXFileReference; lastKnownFileType = file.storyboard; name = Base; path = Base.lproj/LaunchScreen.storyboard; sourceTree = "<group>"; };
		EB25DC9525B9C1E6006F4008 /* Info.plist */ = {isa = PBXFileReference; lastKnownFileType = text.plist.xml; path = Info.plist; sourceTree = "<group>"; };
		EB2968EB25D962D600DAE55B /* ChatRoomVC.swift */ = {isa = PBXFileReference; lastKnownFileType = sourcecode.swift; path = ChatRoomVC.swift; sourceTree = "<group>"; };
		EB2968F925D9790400DAE55B /* ChatListTableViewCell.swift */ = {isa = PBXFileReference; lastKnownFileType = sourcecode.swift; path = ChatListTableViewCell.swift; sourceTree = "<group>"; };
		EB2968FA25D9790400DAE55B /* ChatListTableViewCell.xib */ = {isa = PBXFileReference; lastKnownFileType = file.xib; path = ChatListTableViewCell.xib; sourceTree = "<group>"; };
		EB2968FE25D98DEB00DAE55B /* ChatDataManager.swift */ = {isa = PBXFileReference; lastKnownFileType = sourcecode.swift; path = ChatDataManager.swift; sourceTree = "<group>"; };
		EB29690125D991D400DAE55B /* ChatListModel.swift */ = {isa = PBXFileReference; lastKnownFileType = sourcecode.swift; path = ChatListModel.swift; sourceTree = "<group>"; };
		EB29691925DCC16400DAE55B /* ChattingModel.swift */ = {isa = PBXFileReference; lastKnownFileType = sourcecode.swift; path = ChattingModel.swift; sourceTree = "<group>"; };
		EB29691C25DCD9FD00DAE55B /* ChatMessageCell.swift */ = {isa = PBXFileReference; lastKnownFileType = sourcecode.swift; path = ChatMessageCell.swift; sourceTree = "<group>"; };
		EB29691D25DCD9FD00DAE55B /* ChatMessageCell.xib */ = {isa = PBXFileReference; lastKnownFileType = file.xib; path = ChatMessageCell.xib; sourceTree = "<group>"; };
		EB38A71025BD5DEE00516515 /* UIButton.swift */ = {isa = PBXFileReference; lastKnownFileType = sourcecode.swift; path = UIButton.swift; sourceTree = "<group>"; };
		EB38A71325BD707100516515 /* JoinVC.swift */ = {isa = PBXFileReference; lastKnownFileType = sourcecode.swift; path = JoinVC.swift; sourceTree = "<group>"; };
		EB38A71925BD760500516515 /* TopView.swift */ = {isa = PBXFileReference; lastKnownFileType = sourcecode.swift; path = TopView.swift; sourceTree = "<group>"; };
		EB38A71C25BD89ED00516515 /* JoinInputItem.swift */ = {isa = PBXFileReference; lastKnownFileType = sourcecode.swift; path = JoinInputItem.swift; sourceTree = "<group>"; };
		EB38A71F25BDA01600516515 /* BottomButton.swift */ = {isa = PBXFileReference; lastKnownFileType = sourcecode.swift; path = BottomButton.swift; sourceTree = "<group>"; };
		EB38A72225BE62C200516515 /* UITextField.swift */ = {isa = PBXFileReference; lastKnownFileType = sourcecode.swift; path = UITextField.swift; sourceTree = "<group>"; };
		EB38A72825BE72F800516515 /* PersonalSettingVC.swift */ = {isa = PBXFileReference; lastKnownFileType = sourcecode.swift; path = PersonalSettingVC.swift; sourceTree = "<group>"; };
		EB38A72B25BE745A00516515 /* Contants.swift */ = {isa = PBXFileReference; lastKnownFileType = sourcecode.swift; path = Contants.swift; sourceTree = "<group>"; };
		EB38A74625BF0A9900516515 /* GradeButton.swift */ = {isa = PBXFileReference; lastKnownFileType = sourcecode.swift; path = GradeButton.swift; sourceTree = "<group>"; };
		EB38A75025C07E1900516515 /* String.swift */ = {isa = PBXFileReference; lastKnownFileType = sourcecode.swift; path = String.swift; sourceTree = "<group>"; };
		EB38A76D25C12AB500516515 /* HomeTableViewCell.swift */ = {isa = PBXFileReference; lastKnownFileType = sourcecode.swift; path = HomeTableViewCell.swift; sourceTree = "<group>"; };
		EB38A76E25C12AB500516515 /* HomeTableViewCell.xib */ = {isa = PBXFileReference; lastKnownFileType = file.xib; path = HomeTableViewCell.xib; sourceTree = "<group>"; };
		EB43F79325D1BA3700AFED54 /* PostViewModel.swift */ = {isa = PBXFileReference; lastKnownFileType = sourcecode.swift; path = PostViewModel.swift; sourceTree = "<group>"; };
		EB5D8E5725C70FB7003D957C /* LoginButton.swift */ = {isa = PBXFileReference; lastKnownFileType = sourcecode.swift; path = LoginButton.swift; sourceTree = "<group>"; };
		EB5D8E5B25C7168C003D957C /* WriteVC.swift */ = {isa = PBXFileReference; lastKnownFileType = sourcecode.swift; path = WriteVC.swift; sourceTree = "<group>"; };
		EB5D8E5F25C7172D003D957C /* WriteOptionItem.swift */ = {isa = PBXFileReference; lastKnownFileType = sourcecode.swift; path = WriteOptionItem.swift; sourceTree = "<group>"; };
		EB5D8E6A25C7D3E5003D957C /* PostDataManager.swift */ = {isa = PBXFileReference; lastKnownFileType = sourcecode.swift; path = PostDataManager.swift; sourceTree = "<group>"; };
		EB5D8E7125C7D629003D957C /* PostDataModel.swift */ = {isa = PBXFileReference; lastKnownFileType = sourcecode.swift; path = PostDataModel.swift; sourceTree = "<group>"; };
		EB5D8E7425C7E1BF003D957C /* Date.swift */ = {isa = PBXFileReference; lastKnownFileType = sourcecode.swift; path = Date.swift; sourceTree = "<group>"; };
		EB5D8E7725C7E999003D957C /* NSMutableAttrubutedString.swift */ = {isa = PBXFileReference; lastKnownFileType = sourcecode.swift; path = NSMutableAttrubutedString.swift; sourceTree = "<group>"; };
		EB5D8E7D25CA645A003D957C /* PostVC.swift */ = {isa = PBXFileReference; lastKnownFileType = sourcecode.swift; path = PostVC.swift; sourceTree = "<group>"; };
		EB5D8E8525CB15B6003D957C /* UserDataManager.swift */ = {isa = PBXFileReference; lastKnownFileType = sourcecode.swift; path = UserDataManager.swift; sourceTree = "<group>"; };
		EB5D8E8825CB183B003D957C /* MemberModel.swift */ = {isa = PBXFileReference; lastKnownFileType = sourcecode.swift; path = MemberModel.swift; sourceTree = "<group>"; };
		EB78A36425E40CE500E4C538 /* ChatMemberView.swift */ = {isa = PBXFileReference; lastKnownFileType = sourcecode.swift; path = ChatMemberView.swift; sourceTree = "<group>"; };
		EB78A36825E55D0200E4C538 /* ChatMenuItem.swift */ = {isa = PBXFileReference; lastKnownFileType = sourcecode.swift; path = ChatMenuItem.swift; sourceTree = "<group>"; };
		EB78A37025E755EC00E4C538 /* UITableView.swift */ = {isa = PBXFileReference; lastKnownFileType = sourcecode.swift; path = UITableView.swift; sourceTree = "<group>"; };
		EB78A37325E75DBF00E4C538 /* ProfileBackTop.swift */ = {isa = PBXFileReference; lastKnownFileType = sourcecode.swift; path = ProfileBackTop.swift; sourceTree = "<group>"; };
		EB78A37725E7E9EF00E4C538 /* MyMessageTableViewCell.swift */ = {isa = PBXFileReference; lastKnownFileType = sourcecode.swift; path = MyMessageTableViewCell.swift; sourceTree = "<group>"; };
		EB78A37825E7E9EF00E4C538 /* MyMessageTableViewCell.xib */ = {isa = PBXFileReference; lastKnownFileType = file.xib; path = MyMessageTableViewCell.xib; sourceTree = "<group>"; };
		EB78A37C25E88C8700E4C538 /* ProfileBackBottom.swift */ = {isa = PBXFileReference; lastKnownFileType = sourcecode.swift; path = ProfileBackBottom.swift; sourceTree = "<group>"; };
		EB78A37F25E8AE2C00E4C538 /* ReportModel.swift */ = {isa = PBXFileReference; lastKnownFileType = sourcecode.swift; path = ReportModel.swift; sourceTree = "<group>"; };
		EB78A38225EAB2AC00E4C538 /* BlockModel.swift */ = {isa = PBXFileReference; lastKnownFileType = sourcecode.swift; path = BlockModel.swift; sourceTree = "<group>"; };
		EB87AB7D25BC11EF00DF3BBB /* UnKnownVC.swift */ = {isa = PBXFileReference; lastKnownFileType = sourcecode.swift; path = UnKnownVC.swift; sourceTree = "<group>"; };
		EB87AB8325BC1A7A00DF3BBB /* MainLoginVC.swift */ = {isa = PBXFileReference; lastKnownFileType = sourcecode.swift; path = MainLoginVC.swift; sourceTree = "<group>"; };
		EB87AB8625BC1B0A00DF3BBB /* UIFont.swift */ = {isa = PBXFileReference; lastKnownFileType = sourcecode.swift; path = UIFont.swift; sourceTree = "<group>"; };
		EB87AB8925BC728500DF3BBB /* Device.swift */ = {isa = PBXFileReference; lastKnownFileType = sourcecode.swift; path = Device.swift; sourceTree = "<group>"; };
		EBC658A725C1AA2400CF9AA5 /* LoginModel.swift */ = {isa = PBXFileReference; lastKnownFileType = sourcecode.swift; path = LoginModel.swift; sourceTree = "<group>"; };
		EBD9F3F525C3C5BF004E18F1 /* BaseViewController.swift */ = {isa = PBXFileReference; lastKnownFileType = sourcecode.swift; path = BaseViewController.swift; sourceTree = "<group>"; };
		EBD9F3F825C3C61F004E18F1 /* UIViewController.swift */ = {isa = PBXFileReference; lastKnownFileType = sourcecode.swift; path = UIViewController.swift; sourceTree = "<group>"; };
		EBDA504A25BB325A00C6A122 /* GoogleService-Info.plist */ = {isa = PBXFileReference; fileEncoding = 4; lastKnownFileType = text.plist.xml; path = "GoogleService-Info.plist"; sourceTree = "<group>"; };
		EBDA504D25BB37C300C6A122 /* TabBarController.swift */ = {isa = PBXFileReference; lastKnownFileType = sourcecode.swift; path = TabBarController.swift; sourceTree = "<group>"; };
		EBDA506825BC03BB00C6A122 /* HomeVC.swift */ = {isa = PBXFileReference; lastKnownFileType = sourcecode.swift; path = HomeVC.swift; sourceTree = "<group>"; };
		EBDA506D25BC03CA00C6A122 /* ChatListVC.swift */ = {isa = PBXFileReference; lastKnownFileType = sourcecode.swift; path = ChatListVC.swift; sourceTree = "<group>"; };
		EBDA507225BC03DC00C6A122 /* MyPageVC.swift */ = {isa = PBXFileReference; lastKnownFileType = sourcecode.swift; path = MyPageVC.swift; sourceTree = "<group>"; };
		EBDA507925BC054100C6A122 /* UIColor.swift */ = {isa = PBXFileReference; lastKnownFileType = sourcecode.swift; path = UIColor.swift; sourceTree = "<group>"; };
		F984CD5AE290D05D2906238D /* Pods_Hoxy.framework */ = {isa = PBXFileReference; explicitFileType = wrapper.framework; includeInIndex = 0; path = Pods_Hoxy.framework; sourceTree = BUILT_PRODUCTS_DIR; };
/* End PBXFileReference section */

/* Begin PBXFrameworksBuildPhase section */
		EB25DC8125B9C1E5006F4008 /* Frameworks */ = {
			isa = PBXFrameworksBuildPhase;
			buildActionMask = 2147483647;
			files = (
				79FAD3914DD6BD3F19E9864C /* Pods_Hoxy.framework in Frameworks */,
			);
			runOnlyForDeploymentPostprocessing = 0;
		};
/* End PBXFrameworksBuildPhase section */

/* Begin PBXGroup section */
		A45ED85C272FCC7C190A7BB6 /* Pods */ = {
			isa = PBXGroup;
			children = (
				CCEA5CB1BB645FCD82AB47CB /* Pods-Hoxy.debug.xcconfig */,
				A74370B774BB4905B3B6108B /* Pods-Hoxy.release.xcconfig */,
			);
			path = Pods;
			sourceTree = "<group>";
		};
		CE9B51F10AB1A15DAF134ABE /* Frameworks */ = {
			isa = PBXGroup;
			children = (
				F984CD5AE290D05D2906238D /* Pods_Hoxy.framework */,
			);
			name = Frameworks;
			sourceTree = "<group>";
		};
		E0ED10D426492ED600661094 /* Util */ = {
			isa = PBXGroup;
			children = (
				E0ED10D726492F0C00661094 /* Observable.swift */,
			);
			path = Util;
			sourceTree = "<group>";
		};
		E0ED10DD264BB9CC00661094 /* UI Class */ = {
			isa = PBXGroup;
			children = (
				EB38A71F25BDA01600516515 /* BottomButton.swift */,
				EB38A71C25BD89ED00516515 /* JoinInputItem.swift */,
				EB11F0D025C54E9B00EC9F6F /* IndicatorView.swift */,
				EB5D8E5F25C7172D003D957C /* WriteOptionItem.swift */,
				EB38A74625BF0A9900516515 /* GradeButton.swift */,
				EB38A71925BD760500516515 /* TopView.swift */,
				EB5D8E5725C70FB7003D957C /* LoginButton.swift */,
				EB78A36425E40CE500E4C538 /* ChatMemberView.swift */,
				EB78A36825E55D0200E4C538 /* ChatMenuItem.swift */,
				EB78A37325E75DBF00E4C538 /* ProfileBackTop.swift */,
				EB78A37C25E88C8700E4C538 /* ProfileBackBottom.swift */,
			);
			path = "UI Class";
			sourceTree = "<group>";
		};
		EB25DC7B25B9C1E5006F4008 = {
			isa = PBXGroup;
			children = (
				EB25DC8625B9C1E5006F4008 /* Hoxy */,
				EB25DC8525B9C1E5006F4008 /* Products */,
				A45ED85C272FCC7C190A7BB6 /* Pods */,
				CE9B51F10AB1A15DAF134ABE /* Frameworks */,
			);
			sourceTree = "<group>";
		};
		EB25DC8525B9C1E5006F4008 /* Products */ = {
			isa = PBXGroup;
			children = (
				EB25DC8425B9C1E5006F4008 /* Hoxy.app */,
			);
			name = Products;
			sourceTree = "<group>";
		};
		EB25DC8625B9C1E5006F4008 /* Hoxy */ = {
			isa = PBXGroup;
			children = (
				E0ED10D426492ED600661094 /* Util */,
				EB25DC8725B9C1E5006F4008 /* AppDelegate.swift */,
				EB25DC8925B9C1E5006F4008 /* SceneDelegate.swift */,
				EBDA507825BC052B00C6A122 /* Common */,
				EBDA507725BC051D00C6A122 /* Extension */,
				EB25DC9F25BB2C87006F4008 /* Model */,
				EB25DCA125BB2C9D006F4008 /* ViewModel */,
				EB25DCA025BB2C97006F4008 /* View */,
				EB25DC8B25B9C1E5006F4008 /* ViewController.swift */,
				EB25DC8D25B9C1E5006F4008 /* Main.storyboard */,
				EB25DC9025B9C1E6006F4008 /* Assets.xcassets */,
				EB25DC9225B9C1E6006F4008 /* LaunchScreen.storyboard */,
				EB25DC9525B9C1E6006F4008 /* Info.plist */,
				EBDA504A25BB325A00C6A122 /* GoogleService-Info.plist */,
			);
			path = Hoxy;
			sourceTree = "<group>";
		};
		EB25DC9F25BB2C87006F4008 /* Model */ = {
			isa = PBXGroup;
			children = (
				EBC658A725C1AA2400CF9AA5 /* LoginModel.swift */,
				E0ED10DB264B63A800661094 /* JoinModel.swift */,
				EB5D8E7125C7D629003D957C /* PostDataModel.swift */,
				E0ED10D9264B5D9E00661094 /* PostModel.swift */,
				EB5D8E8825CB183B003D957C /* MemberModel.swift */,
				EB29690125D991D400DAE55B /* ChatListModel.swift */,
				EB29691925DCC16400DAE55B /* ChattingModel.swift */,
				EB78A37F25E8AE2C00E4C538 /* ReportModel.swift */,
				EB78A38225EAB2AC00E4C538 /* BlockModel.swift */,
			);
			path = Model;
			sourceTree = "<group>";
		};
		EB25DCA025BB2C97006F4008 /* View */ = {
			isa = PBXGroup;
			children = (
				EB5D8E8B25CBD27D003D957C /* DataManager */,
				EB38A76C25C12A9100516515 /* CustomCell */,
				EB87AB8325BC1A7A00DF3BBB /* MainLoginVC.swift */,
				EB11F0D525C55EB200EC9F6F /* EmailLoginVC.swift */,
				EB38A71325BD707100516515 /* JoinVC.swift */,
				EB38A72825BE72F800516515 /* PersonalSettingVC.swift */,
				EB128D6225CFA6BD004C0A66 /* LocationVC.swift */,
				EBDA504D25BB37C300C6A122 /* TabBarController.swift */,
				EBDA506825BC03BB00C6A122 /* HomeVC.swift */,
				EB5D8E5B25C7168C003D957C /* WriteVC.swift */,
				EB5D8E7D25CA645A003D957C /* PostVC.swift */,
				EB87AB7D25BC11EF00DF3BBB /* UnKnownVC.swift */,
				EBDA506D25BC03CA00C6A122 /* ChatListVC.swift */,
				EB2968EB25D962D600DAE55B /* ChatRoomVC.swift */,
				EB05FFC625DED9CD00A587BE /* ChatRoomProfileVC.swift */,
				EBDA507225BC03DC00C6A122 /* MyPageVC.swift */,
				EB05FFCA25E3762900A587BE /* ChatRoomMenuVC.swift */,
			);
			path = View;
			sourceTree = "<group>";
		};
		EB25DCA125BB2C9D006F4008 /* ViewModel */ = {
			isa = PBXGroup;
			children = (
				EB43F79325D1BA3700AFED54 /* PostViewModel.swift */,
				E0ED10D526492EE800661094 /* EmailLoginViewModel.swift */,
				E0ED10E2264CFCE600661094 /* JoinViewModel.swift */,
			);
			path = ViewModel;
			sourceTree = "<group>";
		};
		EB38A76C25C12A9100516515 /* CustomCell */ = {
			isa = PBXGroup;
			children = (
				EB38A76D25C12AB500516515 /* HomeTableViewCell.swift */,
				EB38A76E25C12AB500516515 /* HomeTableViewCell.xib */,
				EB2968F925D9790400DAE55B /* ChatListTableViewCell.swift */,
				EB2968FA25D9790400DAE55B /* ChatListTableViewCell.xib */,
				EB29691C25DCD9FD00DAE55B /* ChatMessageCell.swift */,
				EB29691D25DCD9FD00DAE55B /* ChatMessageCell.xib */,
				EB78A37725E7E9EF00E4C538 /* MyMessageTableViewCell.swift */,
				EB78A37825E7E9EF00E4C538 /* MyMessageTableViewCell.xib */,
				EB05FFD125E3943C00A587BE /* ChatMemberTableViewCell.swift */,
				EB05FFD225E3943C00A587BE /* ChatMemberTableViewCell.xib */,
			);
			path = CustomCell;
			sourceTree = "<group>";
		};
		EB5D8E8B25CBD27D003D957C /* DataManager */ = {
			isa = PBXGroup;
			children = (
				EB5D8E6A25C7D3E5003D957C /* PostDataManager.swift */,
				EB5D8E8525CB15B6003D957C /* UserDataManager.swift */,
				EB2968FE25D98DEB00DAE55B /* ChatDataManager.swift */,
				E082A932265647F800A56805 /* JoinDataManager.swift */,
			);
			path = DataManager;
			sourceTree = "<group>";
		};
		EBDA507725BC051D00C6A122 /* Extension */ = {
			isa = PBXGroup;
			children = (
				EB38A75025C07E1900516515 /* String.swift */,
				EBDA507925BC054100C6A122 /* UIColor.swift */,
				EB87AB8625BC1B0A00DF3BBB /* UIFont.swift */,
				EB38A71025BD5DEE00516515 /* UIButton.swift */,
				EB38A72225BE62C200516515 /* UITextField.swift */,
				EB11F0CC25C5367100EC9F6F /* UIView.swift */,
				EBD9F3F825C3C61F004E18F1 /* UIViewController.swift */,
				EB5D8E7425C7E1BF003D957C /* Date.swift */,
				EB5D8E7725C7E999003D957C /* NSMutableAttrubutedString.swift */,
				EB78A37025E755EC00E4C538 /* UITableView.swift */,
			);
			path = Extension;
			sourceTree = "<group>";
		};
		EBDA507825BC052B00C6A122 /* Common */ = {
			isa = PBXGroup;
			children = (
				E0ED10DD264BB9CC00661094 /* UI Class */,
				EB38A72B25BE745A00516515 /* Contants.swift */,
				EB87AB8925BC728500DF3BBB /* Device.swift */,
				EBD9F3F525C3C5BF004E18F1 /* BaseViewController.swift */,
				EB128D5F25CFA55D004C0A66 /* LocationService.swift */,
			);
			path = Common;
			sourceTree = "<group>";
		};
/* End PBXGroup section */

/* Begin PBXNativeTarget section */
		EB25DC8325B9C1E5006F4008 /* Hoxy */ = {
			isa = PBXNativeTarget;
			buildConfigurationList = EB25DC9825B9C1E6006F4008 /* Build configuration list for PBXNativeTarget "Hoxy" */;
			buildPhases = (
				ABD09307201AE466083B75E9 /* [CP] Check Pods Manifest.lock */,
				EB25DC8025B9C1E5006F4008 /* Sources */,
				EB25DC8125B9C1E5006F4008 /* Frameworks */,
				EB25DC8225B9C1E5006F4008 /* Resources */,
				B0845B554B3F94725B695DFA /* [CP] Embed Pods Frameworks */,
			);
			buildRules = (
			);
			dependencies = (
			);
			name = Hoxy;
			productName = Hoxy;
			productReference = EB25DC8425B9C1E5006F4008 /* Hoxy.app */;
			productType = "com.apple.product-type.application";
		};
/* End PBXNativeTarget section */

/* Begin PBXProject section */
		EB25DC7C25B9C1E5006F4008 /* Project object */ = {
			isa = PBXProject;
			attributes = {
				LastSwiftUpdateCheck = 1230;
				LastUpgradeCheck = 1240;
				TargetAttributes = {
					EB25DC8325B9C1E5006F4008 = {
						CreatedOnToolsVersion = 12.3;
					};
				};
			};
			buildConfigurationList = EB25DC7F25B9C1E5006F4008 /* Build configuration list for PBXProject "Hoxy" */;
			compatibilityVersion = "Xcode 9.3";
			developmentRegion = en;
			hasScannedForEncodings = 0;
			knownRegions = (
				en,
				Base,
			);
			mainGroup = EB25DC7B25B9C1E5006F4008;
			productRefGroup = EB25DC8525B9C1E5006F4008 /* Products */;
			projectDirPath = "";
			projectRoot = "";
			targets = (
				EB25DC8325B9C1E5006F4008 /* Hoxy */,
			);
		};
/* End PBXProject section */

/* Begin PBXResourcesBuildPhase section */
		EB25DC8225B9C1E5006F4008 /* Resources */ = {
			isa = PBXResourcesBuildPhase;
			buildActionMask = 2147483647;
			files = (
				EB78A37A25E7E9EF00E4C538 /* MyMessageTableViewCell.xib in Resources */,
				EB25DC9425B9C1E6006F4008 /* LaunchScreen.storyboard in Resources */,
				EBDA504B25BB325A00C6A122 /* GoogleService-Info.plist in Resources */,
				EB38A77025C12AB500516515 /* HomeTableViewCell.xib in Resources */,
				EB29691F25DCD9FD00DAE55B /* ChatMessageCell.xib in Resources */,
				EB25DC9125B9C1E6006F4008 /* Assets.xcassets in Resources */,
				EB25DC8F25B9C1E5006F4008 /* Main.storyboard in Resources */,
				EB2968FC25D9790400DAE55B /* ChatListTableViewCell.xib in Resources */,
				EB05FFD425E3943C00A587BE /* ChatMemberTableViewCell.xib in Resources */,
			);
			runOnlyForDeploymentPostprocessing = 0;
		};
/* End PBXResourcesBuildPhase section */

/* Begin PBXShellScriptBuildPhase section */
		ABD09307201AE466083B75E9 /* [CP] Check Pods Manifest.lock */ = {
			isa = PBXShellScriptBuildPhase;
			buildActionMask = 2147483647;
			files = (
			);
			inputFileListPaths = (
			);
			inputPaths = (
				"${PODS_PODFILE_DIR_PATH}/Podfile.lock",
				"${PODS_ROOT}/Manifest.lock",
			);
			name = "[CP] Check Pods Manifest.lock";
			outputFileListPaths = (
			);
			outputPaths = (
				"$(DERIVED_FILE_DIR)/Pods-Hoxy-checkManifestLockResult.txt",
			);
			runOnlyForDeploymentPostprocessing = 0;
			shellPath = /bin/sh;
			shellScript = "diff \"${PODS_PODFILE_DIR_PATH}/Podfile.lock\" \"${PODS_ROOT}/Manifest.lock\" > /dev/null\nif [ $? != 0 ] ; then\n    # print error to STDERR\n    echo \"error: The sandbox is not in sync with the Podfile.lock. Run 'pod install' or update your CocoaPods installation.\" >&2\n    exit 1\nfi\n# This output is used by Xcode 'outputs' to avoid re-running this script phase.\necho \"SUCCESS\" > \"${SCRIPT_OUTPUT_FILE_0}\"\n";
			showEnvVarsInLog = 0;
		};
		B0845B554B3F94725B695DFA /* [CP] Embed Pods Frameworks */ = {
			isa = PBXShellScriptBuildPhase;
			buildActionMask = 2147483647;
			files = (
			);
			inputFileListPaths = (
				"${PODS_ROOT}/Target Support Files/Pods-Hoxy/Pods-Hoxy-frameworks-${CONFIGURATION}-input-files.xcfilelist",
			);
			name = "[CP] Embed Pods Frameworks";
			outputFileListPaths = (
				"${PODS_ROOT}/Target Support Files/Pods-Hoxy/Pods-Hoxy-frameworks-${CONFIGURATION}-output-files.xcfilelist",
			);
			runOnlyForDeploymentPostprocessing = 0;
			shellPath = /bin/sh;
			shellScript = "\"${PODS_ROOT}/Target Support Files/Pods-Hoxy/Pods-Hoxy-frameworks.sh\"\n";
			showEnvVarsInLog = 0;
		};
/* End PBXShellScriptBuildPhase section */

/* Begin PBXSourcesBuildPhase section */
		EB25DC8025B9C1E5006F4008 /* Sources */ = {
			isa = PBXSourcesBuildPhase;
			buildActionMask = 2147483647;
			files = (
				EBD9F3F925C3C61F004E18F1 /* UIViewController.swift in Sources */,
				EB5D8E5825C70FB7003D957C /* LoginButton.swift in Sources */,
				E082A933265647F800A56805 /* JoinDataManager.swift in Sources */,
				EB78A37425E75DBF00E4C538 /* ProfileBackTop.swift in Sources */,
				EB128D6025CFA55D004C0A66 /* LocationService.swift in Sources */,
				EB128D6325CFA6BD004C0A66 /* LocationVC.swift in Sources */,
				EB5D8E5C25C7168C003D957C /* WriteVC.swift in Sources */,
				EB5D8E7225C7D629003D957C /* PostDataModel.swift in Sources */,
				EB5D8E7825C7E999003D957C /* NSMutableAttrubutedString.swift in Sources */,
				EB78A37125E755EC00E4C538 /* UITableView.swift in Sources */,
				EB29690225D991D400DAE55B /* ChatListModel.swift in Sources */,
				E0ED10E3264CFCE600661094 /* JoinViewModel.swift in Sources */,
				EB78A36525E40CE500E4C538 /* ChatMemberView.swift in Sources */,
				EB05FFCB25E3762900A587BE /* ChatRoomMenuVC.swift in Sources */,
				EBDA506F25BC03CA00C6A122 /* ChatListVC.swift in Sources */,
				EB38A71125BD5DEE00516515 /* UIButton.swift in Sources */,
				EB2968FB25D9790400DAE55B /* ChatListTableViewCell.swift in Sources */,
				EB78A38025E8AE2C00E4C538 /* ReportModel.swift in Sources */,
				EB78A36925E55D0200E4C538 /* ChatMenuItem.swift in Sources */,
				EB11F0D125C54E9B00EC9F6F /* IndicatorView.swift in Sources */,
				EB05FFD325E3943C00A587BE /* ChatMemberTableViewCell.swift in Sources */,
				EB5D8E7525C7E1BF003D957C /* Date.swift in Sources */,
				EB11F0CD25C5367100EC9F6F /* UIView.swift in Sources */,
				EB87AB7F25BC11EF00DF3BBB /* UnKnownVC.swift in Sources */,
				EB05FFC725DED9CD00A587BE /* ChatRoomProfileVC.swift in Sources */,
				EB25DC8C25B9C1E5006F4008 /* ViewController.swift in Sources */,
				E0ED10D826492F0C00661094 /* Observable.swift in Sources */,
				EB11F0D625C55EB200EC9F6F /* EmailLoginVC.swift in Sources */,
				EBD9F3F625C3C5BF004E18F1 /* BaseViewController.swift in Sources */,
				EB87AB8A25BC728500DF3BBB /* Device.swift in Sources */,
				EB29691A25DCC16400DAE55B /* ChattingModel.swift in Sources */,
				EB78A37D25E88C8700E4C538 /* ProfileBackBottom.swift in Sources */,
				EB38A75125C07E1900516515 /* String.swift in Sources */,
				EB29691E25DCD9FD00DAE55B /* ChatMessageCell.swift in Sources */,
				EB38A71A25BD760500516515 /* TopView.swift in Sources */,
				E0ED10DA264B5D9E00661094 /* PostModel.swift in Sources */,
				EB78A38325EAB2AC00E4C538 /* BlockModel.swift in Sources */,
				EBDA506A25BC03BC00C6A122 /* HomeVC.swift in Sources */,
				EB38A72C25BE745A00516515 /* Contants.swift in Sources */,
				EB2968EC25D962D600DAE55B /* ChatRoomVC.swift in Sources */,
				EB38A76F25C12AB500516515 /* HomeTableViewCell.swift in Sources */,
				EB87AB8425BC1A7A00DF3BBB /* MainLoginVC.swift in Sources */,
				EBDA504E25BB37C300C6A122 /* TabBarController.swift in Sources */,
				EB38A72325BE62C200516515 /* UITextField.swift in Sources */,
				EB78A37925E7E9EF00E4C538 /* MyMessageTableViewCell.swift in Sources */,
				E0ED10D626492EE800661094 /* EmailLoginViewModel.swift in Sources */,
				EB38A71425BD707100516515 /* JoinVC.swift in Sources */,
				EB5D8E7E25CA645A003D957C /* PostVC.swift in Sources */,
				EB5D8E8925CB183B003D957C /* MemberModel.swift in Sources */,
				EB38A74725BF0A9900516515 /* GradeButton.swift in Sources */,
				EB38A71D25BD89ED00516515 /* JoinInputItem.swift in Sources */,
				EB5D8E6025C7172D003D957C /* WriteOptionItem.swift in Sources */,
				E0ED10DC264B63A800661094 /* JoinModel.swift in Sources */,
				EB38A72925BE72F800516515 /* PersonalSettingVC.swift in Sources */,
				EB2968FF25D98DEB00DAE55B /* ChatDataManager.swift in Sources */,
				EB38A72025BDA01600516515 /* BottomButton.swift in Sources */,
				EB5D8E6B25C7D3E5003D957C /* PostDataManager.swift in Sources */,
				EB87AB8725BC1B0A00DF3BBB /* UIFont.swift in Sources */,
				EB5D8E8625CB15B6003D957C /* UserDataManager.swift in Sources */,
				EB43F79425D1BA3700AFED54 /* PostViewModel.swift in Sources */,
				EBC658A825C1AA2400CF9AA5 /* LoginModel.swift in Sources */,
				EBDA507425BC03DC00C6A122 /* MyPageVC.swift in Sources */,
				EBDA507A25BC054100C6A122 /* UIColor.swift in Sources */,
				EB25DC8825B9C1E5006F4008 /* AppDelegate.swift in Sources */,
				EB25DC8A25B9C1E5006F4008 /* SceneDelegate.swift in Sources */,
			);
			runOnlyForDeploymentPostprocessing = 0;
		};
/* End PBXSourcesBuildPhase section */

/* Begin PBXVariantGroup section */
		EB25DC8D25B9C1E5006F4008 /* Main.storyboard */ = {
			isa = PBXVariantGroup;
			children = (
				EB25DC8E25B9C1E5006F4008 /* Base */,
			);
			name = Main.storyboard;
			sourceTree = "<group>";
		};
		EB25DC9225B9C1E6006F4008 /* LaunchScreen.storyboard */ = {
			isa = PBXVariantGroup;
			children = (
				EB25DC9325B9C1E6006F4008 /* Base */,
			);
			name = LaunchScreen.storyboard;
			sourceTree = "<group>";
		};
/* End PBXVariantGroup section */

/* Begin XCBuildConfiguration section */
		EB25DC9625B9C1E6006F4008 /* Debug */ = {
			isa = XCBuildConfiguration;
			buildSettings = {
				ALWAYS_SEARCH_USER_PATHS = NO;
				CLANG_ANALYZER_NONNULL = YES;
				CLANG_ANALYZER_NUMBER_OBJECT_CONVERSION = YES_AGGRESSIVE;
				CLANG_CXX_LANGUAGE_STANDARD = "gnu++14";
				CLANG_CXX_LIBRARY = "libc++";
				CLANG_ENABLE_MODULES = YES;
				CLANG_ENABLE_OBJC_ARC = YES;
				CLANG_ENABLE_OBJC_WEAK = YES;
				CLANG_WARN_BLOCK_CAPTURE_AUTORELEASING = YES;
				CLANG_WARN_BOOL_CONVERSION = YES;
				CLANG_WARN_COMMA = YES;
				CLANG_WARN_CONSTANT_CONVERSION = YES;
				CLANG_WARN_DEPRECATED_OBJC_IMPLEMENTATIONS = YES;
				CLANG_WARN_DIRECT_OBJC_ISA_USAGE = YES_ERROR;
				CLANG_WARN_DOCUMENTATION_COMMENTS = YES;
				CLANG_WARN_EMPTY_BODY = YES;
				CLANG_WARN_ENUM_CONVERSION = YES;
				CLANG_WARN_INFINITE_RECURSION = YES;
				CLANG_WARN_INT_CONVERSION = YES;
				CLANG_WARN_NON_LITERAL_NULL_CONVERSION = YES;
				CLANG_WARN_OBJC_IMPLICIT_RETAIN_SELF = YES;
				CLANG_WARN_OBJC_LITERAL_CONVERSION = YES;
				CLANG_WARN_OBJC_ROOT_CLASS = YES_ERROR;
				CLANG_WARN_QUOTED_INCLUDE_IN_FRAMEWORK_HEADER = YES;
				CLANG_WARN_RANGE_LOOP_ANALYSIS = YES;
				CLANG_WARN_STRICT_PROTOTYPES = YES;
				CLANG_WARN_SUSPICIOUS_MOVE = YES;
				CLANG_WARN_UNGUARDED_AVAILABILITY = YES_AGGRESSIVE;
				CLANG_WARN_UNREACHABLE_CODE = YES;
				CLANG_WARN__DUPLICATE_METHOD_MATCH = YES;
				COPY_PHASE_STRIP = NO;
				DEBUG_INFORMATION_FORMAT = dwarf;
				ENABLE_STRICT_OBJC_MSGSEND = YES;
				ENABLE_TESTABILITY = YES;
				GCC_C_LANGUAGE_STANDARD = gnu11;
				GCC_DYNAMIC_NO_PIC = NO;
				GCC_NO_COMMON_BLOCKS = YES;
				GCC_OPTIMIZATION_LEVEL = 0;
				GCC_PREPROCESSOR_DEFINITIONS = (
					"DEBUG=1",
					"$(inherited)",
				);
				GCC_WARN_64_TO_32_BIT_CONVERSION = YES;
				GCC_WARN_ABOUT_RETURN_TYPE = YES_ERROR;
				GCC_WARN_UNDECLARED_SELECTOR = YES;
				GCC_WARN_UNINITIALIZED_AUTOS = YES_AGGRESSIVE;
				GCC_WARN_UNUSED_FUNCTION = YES;
				GCC_WARN_UNUSED_VARIABLE = YES;
				IPHONEOS_DEPLOYMENT_TARGET = 14.3;
				MTL_ENABLE_DEBUG_INFO = INCLUDE_SOURCE;
				MTL_FAST_MATH = YES;
				ONLY_ACTIVE_ARCH = YES;
				SDKROOT = iphoneos;
				SWIFT_ACTIVE_COMPILATION_CONDITIONS = DEBUG;
				SWIFT_OPTIMIZATION_LEVEL = "-Onone";
			};
			name = Debug;
		};
		EB25DC9725B9C1E6006F4008 /* Release */ = {
			isa = XCBuildConfiguration;
			buildSettings = {
				ALWAYS_SEARCH_USER_PATHS = NO;
				CLANG_ANALYZER_NONNULL = YES;
				CLANG_ANALYZER_NUMBER_OBJECT_CONVERSION = YES_AGGRESSIVE;
				CLANG_CXX_LANGUAGE_STANDARD = "gnu++14";
				CLANG_CXX_LIBRARY = "libc++";
				CLANG_ENABLE_MODULES = YES;
				CLANG_ENABLE_OBJC_ARC = YES;
				CLANG_ENABLE_OBJC_WEAK = YES;
				CLANG_WARN_BLOCK_CAPTURE_AUTORELEASING = YES;
				CLANG_WARN_BOOL_CONVERSION = YES;
				CLANG_WARN_COMMA = YES;
				CLANG_WARN_CONSTANT_CONVERSION = YES;
				CLANG_WARN_DEPRECATED_OBJC_IMPLEMENTATIONS = YES;
				CLANG_WARN_DIRECT_OBJC_ISA_USAGE = YES_ERROR;
				CLANG_WARN_DOCUMENTATION_COMMENTS = YES;
				CLANG_WARN_EMPTY_BODY = YES;
				CLANG_WARN_ENUM_CONVERSION = YES;
				CLANG_WARN_INFINITE_RECURSION = YES;
				CLANG_WARN_INT_CONVERSION = YES;
				CLANG_WARN_NON_LITERAL_NULL_CONVERSION = YES;
				CLANG_WARN_OBJC_IMPLICIT_RETAIN_SELF = YES;
				CLANG_WARN_OBJC_LITERAL_CONVERSION = YES;
				CLANG_WARN_OBJC_ROOT_CLASS = YES_ERROR;
				CLANG_WARN_QUOTED_INCLUDE_IN_FRAMEWORK_HEADER = YES;
				CLANG_WARN_RANGE_LOOP_ANALYSIS = YES;
				CLANG_WARN_STRICT_PROTOTYPES = YES;
				CLANG_WARN_SUSPICIOUS_MOVE = YES;
				CLANG_WARN_UNGUARDED_AVAILABILITY = YES_AGGRESSIVE;
				CLANG_WARN_UNREACHABLE_CODE = YES;
				CLANG_WARN__DUPLICATE_METHOD_MATCH = YES;
				COPY_PHASE_STRIP = NO;
				DEBUG_INFORMATION_FORMAT = "dwarf-with-dsym";
				ENABLE_NS_ASSERTIONS = NO;
				ENABLE_STRICT_OBJC_MSGSEND = YES;
				GCC_C_LANGUAGE_STANDARD = gnu11;
				GCC_NO_COMMON_BLOCKS = YES;
				GCC_WARN_64_TO_32_BIT_CONVERSION = YES;
				GCC_WARN_ABOUT_RETURN_TYPE = YES_ERROR;
				GCC_WARN_UNDECLARED_SELECTOR = YES;
				GCC_WARN_UNINITIALIZED_AUTOS = YES_AGGRESSIVE;
				GCC_WARN_UNUSED_FUNCTION = YES;
				GCC_WARN_UNUSED_VARIABLE = YES;
				IPHONEOS_DEPLOYMENT_TARGET = 14.3;
				MTL_ENABLE_DEBUG_INFO = NO;
				MTL_FAST_MATH = YES;
				SDKROOT = iphoneos;
				SWIFT_COMPILATION_MODE = wholemodule;
				SWIFT_OPTIMIZATION_LEVEL = "-O";
				VALIDATE_PRODUCT = YES;
			};
			name = Release;
		};
		EB25DC9925B9C1E6006F4008 /* Debug */ = {
			isa = XCBuildConfiguration;
			baseConfigurationReference = CCEA5CB1BB645FCD82AB47CB /* Pods-Hoxy.debug.xcconfig */;
			buildSettings = {
				ASSETCATALOG_COMPILER_APPICON_NAME = AppIcon;
				ASSETCATALOG_COMPILER_GLOBAL_ACCENT_COLOR_NAME = AccentColor;
				CODE_SIGN_IDENTITY = "Apple Development";
				CODE_SIGN_STYLE = Automatic;
				DEVELOPMENT_TEAM = RT3T8DHJJ3;
				"EXCLUDED_ARCHS[sdk=iphonesimulator*]" = arm64;
				INFOPLIST_FILE = Hoxy/Info.plist;
				IPHONEOS_DEPLOYMENT_TARGET = 13.0;
				LD_RUNPATH_SEARCH_PATHS = (
					"$(inherited)",
					"@executable_path/Frameworks",
				);
				ONLY_ACTIVE_ARCH = YES;
				PRODUCT_BUNDLE_IDENTIFIER = com.kang.Hoxy;
				PRODUCT_NAME = "$(TARGET_NAME)";
				PROVISIONING_PROFILE_SPECIFIER = "";
				SWIFT_VERSION = 5.0;
				TARGETED_DEVICE_FAMILY = 1;
			};
			name = Debug;
		};
		EB25DC9A25B9C1E6006F4008 /* Release */ = {
			isa = XCBuildConfiguration;
			baseConfigurationReference = A74370B774BB4905B3B6108B /* Pods-Hoxy.release.xcconfig */;
			buildSettings = {
				ASSETCATALOG_COMPILER_APPICON_NAME = AppIcon;
				ASSETCATALOG_COMPILER_GLOBAL_ACCENT_COLOR_NAME = AccentColor;
				CODE_SIGN_IDENTITY = "Apple Development";
				CODE_SIGN_STYLE = Automatic;
				DEVELOPMENT_TEAM = RT3T8DHJJ3;
				INFOPLIST_FILE = Hoxy/Info.plist;
				IPHONEOS_DEPLOYMENT_TARGET = 13.0;
				LD_RUNPATH_SEARCH_PATHS = (
					"$(inherited)",
					"@executable_path/Frameworks",
				);
				PRODUCT_BUNDLE_IDENTIFIER = com.kang.Hoxy;
				PRODUCT_NAME = "$(TARGET_NAME)";
				PROVISIONING_PROFILE_SPECIFIER = "";
				SWIFT_VERSION = 5.0;
				TARGETED_DEVICE_FAMILY = 1;
			};
			name = Release;
		};
/* End XCBuildConfiguration section */

/* Begin XCConfigurationList section */
		EB25DC7F25B9C1E5006F4008 /* Build configuration list for PBXProject "Hoxy" */ = {
			isa = XCConfigurationList;
			buildConfigurations = (
				EB25DC9625B9C1E6006F4008 /* Debug */,
				EB25DC9725B9C1E6006F4008 /* Release */,
			);
			defaultConfigurationIsVisible = 0;
			defaultConfigurationName = Release;
		};
		EB25DC9825B9C1E6006F4008 /* Build configuration list for PBXNativeTarget "Hoxy" */ = {
			isa = XCConfigurationList;
			buildConfigurations = (
				EB25DC9925B9C1E6006F4008 /* Debug */,
				EB25DC9A25B9C1E6006F4008 /* Release */,
			);
			defaultConfigurationIsVisible = 0;
			defaultConfigurationName = Release;
		};
/* End XCConfigurationList section */
	};
	rootObject = EB25DC7C25B9C1E5006F4008 /* Project object */;
}
